# This file is generated by running "yarn install" inside your project.
# Manual changes might be lost - proceed with caution!

__metadata:
  version: 4
  cacheKey: 8

"alamo-drafthouse-movie-updates-bot@workspace:.":
  version: 0.0.0-use.local
  resolution: "alamo-drafthouse-movie-updates-bot@workspace:."
  dependencies:
    node-fetch: ^3.0.0
    ramda: ^0.27.1
  languageName: unknown
  linkType: soft

"data-uri-to-buffer@npm:^3.0.1":
  version: 3.0.1
  resolution: "data-uri-to-buffer@npm:3.0.1"
  checksum: c59c3009686a78c071806b72f4810856ec28222f0f4e252aa495ec027ed9732298ceea99c50328cf59b151dd34cbc3ad6150bbb43e41fc56fa19f48c99e9fc30
  languageName: node
  linkType: hard

"fetch-blob@npm:^3.1.2":
  version: 3.1.2
  resolution: "fetch-blob@npm:3.1.2"
  dependencies:
    web-streams-polyfill: ^3.0.3
  checksum: 3e3717cf30da9f204aee83dded63f1a9f9c8bda7a0dc59648f89eeb1e88ee592231f4d922e1f119e1390383520768594dd3a1fe5e844f2f2f014d17ce04213a5
  languageName: node
  linkType: hard

"node-fetch@npm:^3.0.0":
  version: 3.0.0
  resolution: "node-fetch@npm:3.0.0"
  dependencies:
    data-uri-to-buffer: ^3.0.1
    fetch-blob: ^3.1.2
  checksum: 50224bf682a0bc3d44faee0f38df6269d8ae646de343595ef37f9d94b4322d3763a49819fb7b2df9330fcae16e0a20e5fb129dfed8725cf0e8f720277db7611c
  languageName: node
  linkType: hard

"ramda@npm:^0.27.1":
  version: 0.27.1
  resolution: "ramda@npm:0.27.1"
  checksum: 31a0c0ef739b2525d7615f84cbb5d3cb89ee0c795469b711f729ea1d8df0dccc3cd75d3717a1e9742d42315ce86435680b7c87743eb7618111c60c144a5b8059
  languageName: node
  linkType: hard

"web-streams-polyfill@npm:^3.0.3":
  version: 3.1.1
  resolution: "web-streams-polyfill@npm:3.1.1"
  checksum: dac85f0a990fb1ddcd15e2eda8ce4696bc9bc567e34cfdaeb9e740e26417d8649a6f466468907f50fd6e09967c25e0cf1f296c30aef9650ab7b118d5f69fb176
  languageName: node
  linkType: hard
